
Microsoft Visual Studio Solution File, Format Version 12.00
# Visual Studio Version 17
VisualStudioVersion = 17.4.33122.133
MinimumVisualStudioVersion = 10.0.40219.1
Project("{FAE04EC0-301F-11D3-BF4B-00C04F79EFBC}") = "Room Calculator TA", "Room Calculator TA\Room Calculator TA.csproj", "{E1A1903B-29D3-462F-B5C6-AFAD4C1BB43A}"
EndProject
Global
	GlobalSection(SolutionConfigurationPlatforms) = preSolution
		Debug|Any CPU = Debug|Any CPU
		Release|Any CPU = Release|Any CPU
	EndGlobalSection
	GlobalSection(ProjectConfigurationPlatforms) = postSolution
		{E1A1903B-29D3-462F-B5C6-AFAD4C1BB43A}.Debug|Any CPU.ActiveCfg = Debug|Any CPU
		{E1A1903B-29D3-462F-B5C6-AFAD4C1BB43A}.Debug|Any CPU.Build.0 = Debug|Any CPU
		{E1A1903B-29D3-462F-B5C6-AFAD4C1BB43A}.Release|Any CPU.ActiveCfg = Release|Any CPU
		{E1A1903B-29D3-462F-B5C6-AFAD4C1BB43A}.Release|Any CPU.Build.0 = Release|Any CPU
	EndGlobalSection
	GlobalSection(SolutionProperties) = preSolution
		HideSolutionNode = FALSE
	EndGlobalSection
	GlobalSection(ExtensibilityGlobals) = postSolution
		SolutionGuid = {AAB01DDF-BE66-4C14-9BC0-2CCFACA07AD2}
	EndGlobalSection
EndGlobal
